{
    "_readme": [
        "This file locks the dependencies of your project to a known state",
        "Read more about it at https://getcomposer.org/doc/01-basic-usage.md#installing-dependencies",
        "This file is @generated automatically"
    ],
    "content-hash": "4d3e9649ef905b51b5991a452e6a9e66",
    "packages": [
        {
            "name": "misc/misc",
            "version": "dev-master",
            "source": {
                "type": "git",
                "url": "https://github.com/Tomek83/misc.git",
                "reference": "c72b64e8bd3b183a89912fc3c6cb890b32ea401e"
            },
            "dist": {
                "type": "zip",
                "url": "https://api.github.com/repos/Tomek83/misc/zipball/c72b64e8bd3b183a89912fc3c6cb890b32ea401e",
                "reference": "c72b64e8bd3b183a89912fc3c6cb890b32ea401e",
                "shasum": ""
            },
            "type": "library",
            "autoload": {
                "psr-4": {
                    "misc\\lib\\": "lib/"
                }
            },
            "support": {
                "source": "https://github.com/Tomek83/misc/tree/master",
                "issues": "https://github.com/Tomek83/misc/issues"
            },
            "time": "2018-12-29T19:45:13+00:00"
        }
    ],
    "packages-dev": [],
    "aliases": [],
    "minimum-stability": "stable",
    "stability-flags": {
        "misc/misc": 20
    },
    "prefer-stable": false,
    "prefer-lowest": false,
    "platform": [],
    "platform-dev": []
}
