{
    "_readme": [
        "This file locks the dependencies of your project to a known state",
        "Read more about it at https://getcomposer.org/doc/01-basic-usage.md#installing-dependencies",
        "This file is @generated automatically"
    ],
    "content-hash": "5681f91a4b8e7fd7458e9bc37db6ba86",
    "packages": [
        {
            "name": "misc/misc",
            "version": "dev-master",
            "source": {
                "type": "git",
                "url": "https://tomek_antczak@bitbucket.org/tomek_antczak/misc.git",
                "reference": "0368c30743f6ec34ddee725cb3ac08922fec331f"
            },
            "type": "library",
            "autoload": {
                "psr-4": {
                    "misc\\lib\\": "lib/"
                }
            },
            "time": "2019-01-03T20:21:27+00:00"
        }
    ],
    "packages-dev": [],
    "aliases": [],
    "minimum-stability": "stable",
    "stability-flags": {
        "misc/misc": 20
    },
    "prefer-stable": false,
    "prefer-lowest": false,
    "platform": [],
    "platform-dev": []
}
